
Microsoft Visual Studio Solution File, Format Version 12.00
# Visual Studio Version 17
VisualStudioVersion = 17.7.34202.233
MinimumVisualStudioVersion = 10.0.40219.1
Project("{9A19103F-16F7-4668-BE54-9A1E7A4F7556}") = "TriangleLibrary", "TriangleLibrary\TriangleLibrary.csproj", "{030BD7EE-F997-4FA5-A919-25F4316E8685}"
EndProject
Project("{FAE04EC0-301F-11D3-BF4B-00C04F79EFBC}") = "TriangleLibraryTests", "TriangleLibraryTests\TriangleLibraryTests.csproj", "{858B2290-91FF-4A54-AD5A-713F95F9268C}"
EndProject
Global
	GlobalSection(SolutionConfigurationPlatforms) = preSolution
		Debug|Any CPU = Debug|Any CPU
		Release|Any CPU = Release|Any CPU
	EndGlobalSection
	GlobalSection(ProjectConfigurationPlatforms) = postSolution
		{030BD7EE-F997-4FA5-A919-25F4316E8685}.Debug|Any CPU.ActiveCfg = Debug|Any CPU
		{030BD7EE-F997-4FA5-A919-25F4316E8685}.Debug|Any CPU.Build.0 = Debug|Any CPU
		{030BD7EE-F997-4FA5-A919-25F4316E8685}.Release|Any CPU.ActiveCfg = Release|Any CPU
		{030BD7EE-F997-4FA5-A919-25F4316E8685}.Release|Any CPU.Build.0 = Release|Any CPU
		{858B2290-91FF-4A54-AD5A-713F95F9268C}.Debug|Any CPU.ActiveCfg = Debug|Any CPU
		{858B2290-91FF-4A54-AD5A-713F95F9268C}.Debug|Any CPU.Build.0 = Debug|Any CPU
		{858B2290-91FF-4A54-AD5A-713F95F9268C}.Release|Any CPU.ActiveCfg = Release|Any CPU
		{858B2290-91FF-4A54-AD5A-713F95F9268C}.Release|Any CPU.Build.0 = Release|Any CPU
	EndGlobalSection
	GlobalSection(SolutionProperties) = preSolution
		HideSolutionNode = FALSE
	EndGlobalSection
	GlobalSection(ExtensibilityGlobals) = postSolution
		SolutionGuid = {8A6216AF-B276-4199-8D1F-6690EDBF34D4}
	EndGlobalSection
EndGlobal
